
Microsoft Visual Studio Solution File, Format Version 12.00
# Visual Studio Version 16
VisualStudioVersion = 16.0.29613.14
MinimumVisualStudioVersion = 10.0.40219.1
Project("{FAE04EC0-301F-11D3-BF4B-00C04F79EFBC}") = "DVDApp", "DVDApp\DVDApp.csproj", "{31AFCD13-424B-4B7F-81EB-ABE8668F2860}"
EndProject
Global
	GlobalSection(SolutionConfigurationPlatforms) = preSolution
		Debug|Any CPU = Debug|Any CPU
		Release|Any CPU = Release|Any CPU
	EndGlobalSection
	GlobalSection(ProjectConfigurationPlatforms) = postSolution
		{31AFCD13-424B-4B7F-81EB-ABE8668F2860}.Debug|Any CPU.ActiveCfg = Debug|Any CPU
		{31AFCD13-424B-4B7F-81EB-ABE8668F2860}.Debug|Any CPU.Build.0 = Debug|Any CPU
		{31AFCD13-424B-4B7F-81EB-ABE8668F2860}.Release|Any CPU.ActiveCfg = Release|Any CPU
		{31AFCD13-424B-4B7F-81EB-ABE8668F2860}.Release|Any CPU.Build.0 = Release|Any CPU
	EndGlobalSection
	GlobalSection(SolutionProperties) = preSolution
		HideSolutionNode = FALSE
	EndGlobalSection
	GlobalSection(ExtensibilityGlobals) = postSolution
		SolutionGuid = {A48EFCDC-E69B-4C95-9546-DFF1EC26759A}
	EndGlobalSection
EndGlobal
